
Microsoft Visual Studio Solution File, Format Version 12.00
# Visual Studio Version 16
VisualStudioVersion = 16.0.32002.261
MinimumVisualStudioVersion = 10.0.40219.1
Project("{FAE04EC0-301F-11D3-BF4B-00C04F79EFBC}") = "WinFormsApp1", "WinFormsApp1\WinFormsApp1.csproj", "{2764C1BD-76C7-4C21-AFD6-342D986C9BCE}"
EndProject
Global
	GlobalSection(SolutionConfigurationPlatforms) = preSolution
		Debug|Any CPU = Debug|Any CPU
		Release|Any CPU = Release|Any CPU
	EndGlobalSection
	GlobalSection(ProjectConfigurationPlatforms) = postSolution
		{2764C1BD-76C7-4C21-AFD6-342D986C9BCE}.Debug|Any CPU.ActiveCfg = Debug|Any CPU
		{2764C1BD-76C7-4C21-AFD6-342D986C9BCE}.Debug|Any CPU.Build.0 = Debug|Any CPU
		{2764C1BD-76C7-4C21-AFD6-342D986C9BCE}.Release|Any CPU.ActiveCfg = Release|Any CPU
		{2764C1BD-76C7-4C21-AFD6-342D986C9BCE}.Release|Any CPU.Build.0 = Release|Any CPU
	EndGlobalSection
	GlobalSection(SolutionProperties) = preSolution
		HideSolutionNode = FALSE
	EndGlobalSection
	GlobalSection(ExtensibilityGlobals) = postSolution
		SolutionGuid = {53938732-A55A-402C-878D-11AA95047125}
	EndGlobalSection
EndGlobal
